
Microsoft Visual Studio Solution File, Format Version 12.00
# Visual Studio Version 16
VisualStudioVersion = 16.0.30503.244
MinimumVisualStudioVersion = 10.0.40219.1
Project("{FAE04EC0-301F-11D3-BF4B-00C04F79EFBC}") = "PincodeCheck", "PincodeCheck.csproj", "{6AEB2F86-B5F8-4954-AF40-5E49C755C047}"
EndProject
Global
	GlobalSection(SolutionConfigurationPlatforms) = preSolution
		Debug|Any CPU = Debug|Any CPU
		Release|Any CPU = Release|Any CPU
	EndGlobalSection
	GlobalSection(ProjectConfigurationPlatforms) = postSolution
		{6AEB2F86-B5F8-4954-AF40-5E49C755C047}.Debug|Any CPU.ActiveCfg = Debug|Any CPU
		{6AEB2F86-B5F8-4954-AF40-5E49C755C047}.Debug|Any CPU.Build.0 = Debug|Any CPU
		{6AEB2F86-B5F8-4954-AF40-5E49C755C047}.Release|Any CPU.ActiveCfg = Release|Any CPU
		{6AEB2F86-B5F8-4954-AF40-5E49C755C047}.Release|Any CPU.Build.0 = Release|Any CPU
	EndGlobalSection
	GlobalSection(SolutionProperties) = preSolution
		HideSolutionNode = FALSE
	EndGlobalSection
	GlobalSection(ExtensibilityGlobals) = postSolution
		SolutionGuid = {391D9744-DFEF-44C1-B8E1-ACD8A9CCCD6E}
	EndGlobalSection
EndGlobal
